
Microsoft Visual Studio Solution File, Format Version 12.00
# Visual Studio Version 17
VisualStudioVersion = 17.6.33829.357
MinimumVisualStudioVersion = 10.0.40219.1
Project("{8BC9CEB8-8B4A-11D0-8D11-00A0C91BC942}") = "Passport", "Passport\Passport.vcxproj", "{6F04D0FA-B5BF-4FA0-ABF0-67A5EE80CC42}"
EndProject
Global
	GlobalSection(SolutionConfigurationPlatforms) = preSolution
		Debug|x64 = Debug|x64
		Debug|x86 = Debug|x86
		Release|x64 = Release|x64
		Release|x86 = Release|x86
	EndGlobalSection
	GlobalSection(ProjectConfigurationPlatforms) = postSolution
		{6F04D0FA-B5BF-4FA0-ABF0-67A5EE80CC42}.Debug|x64.ActiveCfg = Debug|x64
		{6F04D0FA-B5BF-4FA0-ABF0-67A5EE80CC42}.Debug|x64.Build.0 = Debug|x64
		{6F04D0FA-B5BF-4FA0-ABF0-67A5EE80CC42}.Debug|x86.ActiveCfg = Debug|Win32
		{6F04D0FA-B5BF-4FA0-ABF0-67A5EE80CC42}.Debug|x86.Build.0 = Debug|Win32
		{6F04D0FA-B5BF-4FA0-ABF0-67A5EE80CC42}.Release|x64.ActiveCfg = Release|x64
		{6F04D0FA-B5BF-4FA0-ABF0-67A5EE80CC42}.Release|x64.Build.0 = Release|x64
		{6F04D0FA-B5BF-4FA0-ABF0-67A5EE80CC42}.Release|x86.ActiveCfg = Release|Win32
		{6F04D0FA-B5BF-4FA0-ABF0-67A5EE80CC42}.Release|x86.Build.0 = Release|Win32
	EndGlobalSection
	GlobalSection(SolutionProperties) = preSolution
		HideSolutionNode = FALSE
	EndGlobalSection
	GlobalSection(ExtensibilityGlobals) = postSolution
		SolutionGuid = {AA1E031F-042A-48F6-9809-822F2AC32F78}
	EndGlobalSection
EndGlobal
